// !$*UTF8*$!
{
	archiveVersion = 1;
	classes = {
	};
	objectVersion = 46;
	objects = {

/* Begin PBXBuildFile section */
		C755D5011E98C39200A8F539 /* main.m in Sources */ = {isa = PBXBuildFile; fileRef = C755D5001E98C39200A8F539 /* main.m */; };
		C755D5041E98C39200A8F539 /* AppDelegate.m in Sources */ = {isa = PBXBuildFile; fileRef = C755D5031E98C39200A8F539 /* AppDelegate.m */; };
		C755D5071E98C39200A8F539 /* ViewController.m in Sources */ = {isa = PBXBuildFile; fileRef = C755D5061E98C39200A8F539 /* ViewController.m */; };
		C755D50A1E98C39200A8F539 /* Main.storyboard in Resources */ = {isa = PBXBuildFile; fileRef = C755D5081E98C39200A8F539 /* Main.storyboard */; };
		C755D50C1E98C39200A8F539 /* Assets.xcassets in Resources */ = {isa = PBXBuildFile; fileRef = C755D50B1E98C39200A8F539 /* Assets.xcassets */; };
		C755D50F1E98C39200A8F539 /* LaunchScreen.storyboard in Resources */ = {isa = PBXBuildFile; fileRef = C755D50D1E98C39200A8F539 /* LaunchScreen.storyboard */; };
		C755D52D1E98C68100A8F539 /* FMDatabase.m in Sources */ = {isa = PBXBuildFile; fileRef = C755D5221E98C68100A8F539 /* FMDatabase.m */; };
		C755D52E1E98C68100A8F539 /* FMDatabaseAdditions.m in Sources */ = {isa = PBXBuildFile; fileRef = C755D5241E98C68100A8F539 /* FMDatabaseAdditions.m */; };
		C755D52F1E98C68100A8F539 /* FMDatabasePool.m in Sources */ = {isa = PBXBuildFile; fileRef = C755D5261E98C68100A8F539 /* FMDatabasePool.m */; };
		C755D5301E98C68100A8F539 /* FMDatabaseQueue.m in Sources */ = {isa = PBXBuildFile; fileRef = C755D5281E98C68100A8F539 /* FMDatabaseQueue.m */; };
		C755D5311E98C68100A8F539 /* FMResultSet.m in Sources */ = {isa = PBXBuildFile; fileRef = C755D52B1E98C68100A8F539 /* FMResultSet.m */; };
		C755D5351E98C6A000A8F539 /* libsqlite3.tbd in Frameworks */ = {isa = PBXBuildFile; fileRef = C755D5341E98C6A000A8F539 /* libsqlite3.tbd */; };
		C755D5381E98C7C100A8F539 /* SQLiteTool.m in Sources */ = {isa = PBXBuildFile; fileRef = C755D5371E98C7C100A8F539 /* SQLiteTool.m */; };
		C755D53B1E98DBA700A8F539 /* SQLiteQueueTool.m in Sources */ = {isa = PBXBuildFile; fileRef = C755D53A1E98DBA700A8F539 /* SQLiteQueueTool.m */; };
/* End PBXBuildFile section */

/* Begin PBXFileReference section */
		C755D4FC1E98C39200A8F539 /* sqlite.app */ = {isa = PBXFileReference; explicitFileType = wrapper.application; includeInIndex = 0; path = sqlite.app; sourceTree = BUILT_PRODUCTS_DIR; };
		C755D5001E98C39200A8F539 /* main.m */ = {isa = PBXFileReference; lastKnownFileType = sourcecode.c.objc; path = main.m; sourceTree = "<group>"; };
		C755D5021E98C39200A8F539 /* AppDelegate.h */ = {isa = PBXFileReference; lastKnownFileType = sourcecode.c.h; path = AppDelegate.h; sourceTree = "<group>"; };
		C755D5031E98C39200A8F539 /* AppDelegate.m */ = {isa = PBXFileReference; lastKnownFileType = sourcecode.c.objc; path = AppDelegate.m; sourceTree = "<group>"; };
		C755D5051E98C39200A8F539 /* ViewController.h */ = {isa = PBXFileReference; lastKnownFileType = sourcecode.c.h; path = ViewController.h; sourceTree = "<group>"; };
		C755D5061E98C39200A8F539 /* ViewController.m */ = {isa = PBXFileReference; lastKnownFileType = sourcecode.c.objc; path = ViewController.m; sourceTree = "<group>"; };
		C755D5091E98C39200A8F539 /* Base */ = {isa = PBXFileReference; lastKnownFileType = file.storyboard; name = Base; path = Base.lproj/Main.storyboard; sourceTree = "<group>"; };
		C755D50B1E98C39200A8F539 /* Assets.xcassets */ = {isa = PBXFileReference; lastKnownFileType = folder.assetcatalog; path = Assets.xcassets; sourceTree = "<group>"; };
		C755D50E1E98C39200A8F539 /* Base */ = {isa = PBXFileReference; lastKnownFileType = file.storyboard; name = Base; path = Base.lproj/LaunchScreen.storyboard; sourceTree = "<group>"; };
		C755D5101E98C39200A8F539 /* Info.plist */ = {isa = PBXFileReference; lastKnownFileType = text.plist.xml; path = Info.plist; sourceTree = "<group>"; };
		C755D5211E98C68100A8F539 /* FMDatabase.h */ = {isa = PBXFileReference; fileEncoding = 4; lastKnownFileType = sourcecode.c.h; path = FMDatabase.h; sourceTree = "<group>"; };
		C755D5221E98C68100A8F539 /* FMDatabase.m */ = {isa = PBXFileReference; fileEncoding = 4; lastKnownFileType = sourcecode.c.objc; path = FMDatabase.m; sourceTree = "<group>"; };
		C755D5231E98C68100A8F539 /* FMDatabaseAdditions.h */ = {isa = PBXFileReference; fileEncoding = 4; lastKnownFileType = sourcecode.c.h; path = FMDatabaseAdditions.h; sourceTree = "<group>"; };
		C755D5241E98C68100A8F539 /* FMDatabaseAdditions.m */ = {isa = PBXFileReference; fileEncoding = 4; lastKnownFileType = sourcecode.c.objc; path = FMDatabaseAdditions.m; sourceTree = "<group>"; };
		C755D5251E98C68100A8F539 /* FMDatabasePool.h */ = {isa = PBXFileReference; fileEncoding = 4; lastKnownFileType = sourcecode.c.h; path = FMDatabasePool.h; sourceTree = "<group>"; };
		C755D5261E98C68100A8F539 /* FMDatabasePool.m */ = {isa = PBXFileReference; fileEncoding = 4; lastKnownFileType = sourcecode.c.objc; path = FMDatabasePool.m; sourceTree = "<group>"; };
		C755D5271E98C68100A8F539 /* FMDatabaseQueue.h */ = {isa = PBXFileReference; fileEncoding = 4; lastKnownFileType = sourcecode.c.h; path = FMDatabaseQueue.h; sourceTree = "<group>"; };
		C755D5281E98C68100A8F539 /* FMDatabaseQueue.m */ = {isa = PBXFileReference; fileEncoding = 4; lastKnownFileType = sourcecode.c.objc; path = FMDatabaseQueue.m; sourceTree = "<group>"; };
		C755D5291E98C68100A8F539 /* FMDB.h */ = {isa = PBXFileReference; fileEncoding = 4; lastKnownFileType = sourcecode.c.h; path = FMDB.h; sourceTree = "<group>"; };
		C755D52A1E98C68100A8F539 /* FMResultSet.h */ = {isa = PBXFileReference; fileEncoding = 4; lastKnownFileType = sourcecode.c.h; path = FMResultSet.h; sourceTree = "<group>"; };
		C755D52B1E98C68100A8F539 /* FMResultSet.m */ = {isa = PBXFileReference; fileEncoding = 4; lastKnownFileType = sourcecode.c.objc; path = FMResultSet.m; sourceTree = "<group>"; };
		C755D5341E98C6A000A8F539 /* libsqlite3.tbd */ = {isa = PBXFileReference; lastKnownFileType = "sourcecode.text-based-dylib-definition"; name = libsqlite3.tbd; path = usr/lib/libsqlite3.tbd; sourceTree = SDKROOT; };
		C755D5361E98C7C100A8F539 /* SQLiteTool.h */ = {isa = PBXFileReference; fileEncoding = 4; lastKnownFileType = sourcecode.c.h; path = SQLiteTool.h; sourceTree = "<group>"; };
		C755D5371E98C7C100A8F539 /* SQLiteTool.m */ = {isa = PBXFileReference; fileEncoding = 4; lastKnownFileType = sourcecode.c.objc; path = SQLiteTool.m; sourceTree = "<group>"; };
		C755D5391E98DBA700A8F539 /* SQLiteQueueTool.h */ = {isa = PBXFileReference; fileEncoding = 4; lastKnownFileType = sourcecode.c.h; path = SQLiteQueueTool.h; sourceTree = "<group>"; };
		C755D53A1E98DBA700A8F539 /* SQLiteQueueTool.m */ = {isa = PBXFileReference; fileEncoding = 4; lastKnownFileType = sourcecode.c.objc; path = SQLiteQueueTool.m; sourceTree = "<group>"; };
/* End PBXFileReference section */

/* Begin PBXFrameworksBuildPhase section */
		C755D4F91E98C39200A8F539 /* Frameworks */ = {
			isa = PBXFrameworksBuildPhase;
			buildActionMask = 2147483647;
			files = (
				C755D5351E98C6A000A8F539 /* libsqlite3.tbd in Frameworks */,
			);
			runOnlyForDeploymentPostprocessing = 0;
		};
/* End PBXFrameworksBuildPhase section */

/* Begin PBXGroup section */
		C755D4F31E98C39200A8F539 = {
			isa = PBXGroup;
			children = (
				C755D4FE1E98C39200A8F539 /* sqlite */,
				C755D4FD1E98C39200A8F539 /* Products */,
				C755D5331E98C6A000A8F539 /* Frameworks */,
			);
			sourceTree = "<group>";
		};
		C755D4FD1E98C39200A8F539 /* Products */ = {
			isa = PBXGroup;
			children = (
				C755D4FC1E98C39200A8F539 /* sqlite.app */,
			);
			name = Products;
			sourceTree = "<group>";
		};
		C755D4FE1E98C39200A8F539 /* sqlite */ = {
			isa = PBXGroup;
			children = (
				C755D5201E98C68100A8F539 /* fmdb */,
				C755D5021E98C39200A8F539 /* AppDelegate.h */,
				C755D5031E98C39200A8F539 /* AppDelegate.m */,
				C755D5361E98C7C100A8F539 /* SQLiteTool.h */,
				C755D5371E98C7C100A8F539 /* SQLiteTool.m */,
				C755D5391E98DBA700A8F539 /* SQLiteQueueTool.h */,
				C755D53A1E98DBA700A8F539 /* SQLiteQueueTool.m */,
				C755D5051E98C39200A8F539 /* ViewController.h */,
				C755D5061E98C39200A8F539 /* ViewController.m */,
				C755D5081E98C39200A8F539 /* Main.storyboard */,
				C755D50B1E98C39200A8F539 /* Assets.xcassets */,
				C755D50D1E98C39200A8F539 /* LaunchScreen.storyboard */,
				C755D5101E98C39200A8F539 /* Info.plist */,
				C755D4FF1E98C39200A8F539 /* Supporting Files */,
			);
			path = sqlite;
			sourceTree = "<group>";
		};
		C755D4FF1E98C39200A8F539 /* Supporting Files */ = {
			isa = PBXGroup;
			children = (
				C755D5001E98C39200A8F539 /* main.m */,
			);
			name = "Supporting Files";
			sourceTree = "<group>";
		};
		C755D5201E98C68100A8F539 /* fmdb */ = {
			isa = PBXGroup;
			children = (
				C755D5211E98C68100A8F539 /* FMDatabase.h */,
				C755D5221E98C68100A8F539 /* FMDatabase.m */,
				C755D5231E98C68100A8F539 /* FMDatabaseAdditions.h */,
				C755D5241E98C68100A8F539 /* FMDatabaseAdditions.m */,
				C755D5251E98C68100A8F539 /* FMDatabasePool.h */,
				C755D5261E98C68100A8F539 /* FMDatabasePool.m */,
				C755D5271E98C68100A8F539 /* FMDatabaseQueue.h */,
				C755D5281E98C68100A8F539 /* FMDatabaseQueue.m */,
				C755D5291E98C68100A8F539 /* FMDB.h */,
				C755D52A1E98C68100A8F539 /* FMResultSet.h */,
				C755D52B1E98C68100A8F539 /* FMResultSet.m */,
			);
			path = fmdb;
			sourceTree = "<group>";
		};
		C755D5331E98C6A000A8F539 /* Frameworks */ = {
			isa = PBXGroup;
			children = (
				C755D5341E98C6A000A8F539 /* libsqlite3.tbd */,
			);
			name = Frameworks;
			sourceTree = "<group>";
		};
/* End PBXGroup section */

/* Begin PBXNativeTarget section */
		C755D4FB1E98C39200A8F539 /* sqlite */ = {
			isa = PBXNativeTarget;
			buildConfigurationList = C755D5131E98C39200A8F539 /* Build configuration list for PBXNativeTarget "sqlite" */;
			buildPhases = (
				C755D4F81E98C39200A8F539 /* Sources */,
				C755D4F91E98C39200A8F539 /* Frameworks */,
				C755D4FA1E98C39200A8F539 /* Resources */,
			);
			buildRules = (
			);
			dependencies = (
			);
			name = sqlite;
			productName = sqlite;
			productReference = C755D4FC1E98C39200A8F539 /* sqlite.app */;
			productType = "com.apple.product-type.application";
		};
/* End PBXNativeTarget section */

/* Begin PBXProject section */
		C755D4F41E98C39200A8F539 /* Project object */ = {
			isa = PBXProject;
			attributes = {
				LastUpgradeCheck = 0800;
				ORGANIZATIONNAME = "孙英建";
				TargetAttributes = {
					C755D4FB1E98C39200A8F539 = {
						CreatedOnToolsVersion = 8.0;
						ProvisioningStyle = Automatic;
					};
				};
			};
			buildConfigurationList = C755D4F71E98C39200A8F539 /* Build configuration list for PBXProject "sqlite" */;
			compatibilityVersion = "Xcode 3.2";
			developmentRegion = English;
			hasScannedForEncodings = 0;
			knownRegions = (
				en,
				Base,
			);
			mainGroup = C755D4F31E98C39200A8F539;
			productRefGroup = C755D4FD1E98C39200A8F539 /* Products */;
			projectDirPath = "";
			projectRoot = "";
			targets = (
				C755D4FB1E98C39200A8F539 /* sqlite */,
			);
		};
/* End PBXProject section */

/* Begin PBXResourcesBuildPhase section */
		C755D4FA1E98C39200A8F539 /* Resources */ = {
			isa = PBXResourcesBuildPhase;
			buildActionMask = 2147483647;
			files = (
				C755D50F1E98C39200A8F539 /* LaunchScreen.storyboard in Resources */,
				C755D50C1E98C39200A8F539 /* Assets.xcassets in Resources */,
				C755D50A1E98C39200A8F539 /* Main.storyboard in Resources */,
			);
			runOnlyForDeploymentPostprocessing = 0;
		};
/* End PBXResourcesBuildPhase section */

/* Begin PBXSourcesBuildPhase section */
		C755D4F81E98C39200A8F539 /* Sources */ = {
			isa = PBXSourcesBuildPhase;
			buildActionMask = 2147483647;
			files = (
				C755D5071E98C39200A8F539 /* ViewController.m in Sources */,
				C755D5381E98C7C100A8F539 /* SQLiteTool.m in Sources */,
				C755D52F1E98C68100A8F539 /* FMDatabasePool.m in Sources */,
				C755D5041E98C39200A8F539 /* AppDelegate.m in Sources */,
				C755D5301E98C68100A8F539 /* FMDatabaseQueue.m in Sources */,
				C755D53B1E98DBA700A8F539 /* SQLiteQueueTool.m in Sources */,
				C755D5011E98C39200A8F539 /* main.m in Sources */,
				C755D52D1E98C68100A8F539 /* FMDatabase.m in Sources */,
				C755D5311E98C68100A8F539 /* FMResultSet.m in Sources */,
				C755D52E1E98C68100A8F539 /* FMDatabaseAdditions.m in Sources */,
			);
			runOnlyForDeploymentPostprocessing = 0;
		};
/* End PBXSourcesBuildPhase section */

/* Begin PBXVariantGroup section */
		C755D5081E98C39200A8F539 /* Main.storyboard */ = {
			isa = PBXVariantGroup;
			children = (
				C755D5091E98C39200A8F539 /* Base */,
			);
			name = Main.storyboard;
			sourceTree = "<group>";
		};
		C755D50D1E98C39200A8F539 /* LaunchScreen.storyboard */ = {
			isa = PBXVariantGroup;
			children = (
				C755D50E1E98C39200A8F539 /* Base */,
			);
			name = LaunchScreen.storyboard;
			sourceTree = "<group>";
		};
/* End PBXVariantGroup section */

/* Begin XCBuildConfiguration section */
		C755D5111E98C39200A8F539 /* Debug */ = {
			isa = XCBuildConfiguration;
			buildSettings = {
				ALWAYS_SEARCH_USER_PATHS = NO;
				CLANG_ANALYZER_NONNULL = YES;
				CLANG_CXX_LANGUAGE_STANDARD = "gnu++0x";
				CLANG_CXX_LIBRARY = "libc++";
				CLANG_ENABLE_MODULES = YES;
				CLANG_ENABLE_OBJC_ARC = YES;
				CLANG_WARN_BOOL_CONVERSION = YES;
				CLANG_WARN_CONSTANT_CONVERSION = YES;
				CLANG_WARN_DIRECT_OBJC_ISA_USAGE = YES_ERROR;
				CLANG_WARN_DOCUMENTATION_COMMENTS = YES;
				CLANG_WARN_EMPTY_BODY = YES;
				CLANG_WARN_ENUM_CONVERSION = YES;
				CLANG_WARN_INFINITE_RECURSION = YES;
				CLANG_WARN_INT_CONVERSION = YES;
				CLANG_WARN_OBJC_ROOT_CLASS = YES_ERROR;
				CLANG_WARN_SUSPICIOUS_MOVES = YES;
				CLANG_WARN_UNREACHABLE_CODE = YES;
				CLANG_WARN__DUPLICATE_METHOD_MATCH = YES;
				"CODE_SIGN_IDENTITY[sdk=iphoneos*]" = "iPhone Developer";
				COPY_PHASE_STRIP = NO;
				DEBUG_INFORMATION_FORMAT = dwarf;
				ENABLE_STRICT_OBJC_MSGSEND = YES;
				ENABLE_TESTABILITY = YES;
				GCC_C_LANGUAGE_STANDARD = gnu99;
				GCC_DYNAMIC_NO_PIC = NO;
				GCC_NO_COMMON_BLOCKS = YES;
				GCC_OPTIMIZATION_LEVEL = 0;
				GCC_PREPROCESSOR_DEFINITIONS = (
					"DEBUG=1",
					"$(inherited)",
				);
				GCC_WARN_64_TO_32_BIT_CONVERSION = YES;
				GCC_WARN_ABOUT_RETURN_TYPE = YES_ERROR;
				GCC_WARN_UNDECLARED_SELECTOR = YES;
				GCC_WARN_UNINITIALIZED_AUTOS = YES_AGGRESSIVE;
				GCC_WARN_UNUSED_FUNCTION = YES;
				GCC_WARN_UNUSED_VARIABLE = YES;
				IPHONEOS_DEPLOYMENT_TARGET = 10.0;
				MTL_ENABLE_DEBUG_INFO = YES;
				ONLY_ACTIVE_ARCH = YES;
				SDKROOT = iphoneos;
				TARGETED_DEVICE_FAMILY = "1,2";
			};
			name = Debug;
		};
		C755D5121E98C39200A8F539 /* Release */ = {
			isa = XCBuildConfiguration;
			buildSettings = {
				ALWAYS_SEARCH_USER_PATHS = NO;
				CLANG_ANALYZER_NONNULL = YES;
				CLANG_CXX_LANGUAGE_STANDARD = "gnu++0x";
				CLANG_CXX_LIBRARY = "libc++";
				CLANG_ENABLE_MODULES = YES;
				CLANG_ENABLE_OBJC_ARC = YES;
				CLANG_WARN_BOOL_CONVERSION = YES;
				CLANG_WARN_CONSTANT_CONVERSION = YES;
				CLANG_WARN_DIRECT_OBJC_ISA_USAGE = YES_ERROR;
				CLANG_WARN_DOCUMENTATION_COMMENTS = YES;
				CLANG_WARN_EMPTY_BODY = YES;
				CLANG_WARN_ENUM_CONVERSION = YES;
				CLANG_WARN_INFINITE_RECURSION = YES;
				CLANG_WARN_INT_CONVERSION = YES;
				CLANG_WARN_OBJC_ROOT_CLASS = YES_ERROR;
				CLANG_WARN_SUSPICIOUS_MOVES = YES;
				CLANG_WARN_UNREACHABLE_CODE = YES;
				CLANG_WARN__DUPLICATE_METHOD_MATCH = YES;
				"CODE_SIGN_IDENTITY[sdk=iphoneos*]" = "iPhone Developer";
				COPY_PHASE_STRIP = NO;
				DEBUG_INFORMATION_FORMAT = "dwarf-with-dsym";
				ENABLE_NS_ASSERTIONS = NO;
				ENABLE_STRICT_OBJC_MSGSEND = YES;
				GCC_C_LANGUAGE_STANDARD = gnu99;
				GCC_NO_COMMON_BLOCKS = YES;
				GCC_WARN_64_TO_32_BIT_CONVERSION = YES;
				GCC_WARN_ABOUT_RETURN_TYPE = YES_ERROR;
				GCC_WARN_UNDECLARED_SELECTOR = YES;
				GCC_WARN_UNINITIALIZED_AUTOS = YES_AGGRESSIVE;
				GCC_WARN_UNUSED_FUNCTION = YES;
				GCC_WARN_UNUSED_VARIABLE = YES;
				IPHONEOS_DEPLOYMENT_TARGET = 10.0;
				MTL_ENABLE_DEBUG_INFO = NO;
				SDKROOT = iphoneos;
				TARGETED_DEVICE_FAMILY = "1,2";
				VALIDATE_PRODUCT = YES;
			};
			name = Release;
		};
		C755D5141E98C39200A8F539 /* Debug */ = {
			isa = XCBuildConfiguration;
			buildSettings = {
				ASSETCATALOG_COMPILER_APPICON_NAME = AppIcon;
				INFOPLIST_FILE = sqlite/Info.plist;
				LD_RUNPATH_SEARCH_PATHS = "$(inherited) @executable_path/Frameworks";
				PRODUCT_BUNDLE_IDENTIFIER = cn.sunyingjian.sqlite;
				PRODUCT_NAME = "$(TARGET_NAME)";
			};
			name = Debug;
		};
		C755D5151E98C39200A8F539 /* Release */ = {
			isa = XCBuildConfiguration;
			buildSettings = {
				ASSETCATALOG_COMPILER_APPICON_NAME = AppIcon;
				INFOPLIST_FILE = sqlite/Info.plist;
				LD_RUNPATH_SEARCH_PATHS = "$(inherited) @executable_path/Frameworks";
				PRODUCT_BUNDLE_IDENTIFIER = cn.sunyingjian.sqlite;
				PRODUCT_NAME = "$(TARGET_NAME)";
			};
			name = Release;
		};
/* End XCBuildConfiguration section */

/* Begin XCConfigurationList section */
		C755D4F71E98C39200A8F539 /* Build configuration list for PBXProject "sqlite" */ = {
			isa = XCConfigurationList;
			buildConfigurations = (
				C755D5111E98C39200A8F539 /* Debug */,
				C755D5121E98C39200A8F539 /* Release */,
			);
			defaultConfigurationIsVisible = 0;
			defaultConfigurationName = Release;
		};
		C755D5131E98C39200A8F539 /* Build configuration list for PBXNativeTarget "sqlite" */ = {
			isa = XCConfigurationList;
			buildConfigurations = (
				C755D5141E98C39200A8F539 /* Debug */,
				C755D5151E98C39200A8F539 /* Release */,
			);
			defaultConfigurationIsVisible = 0;
		};
/* End XCConfigurationList section */
	};
	rootObject = C755D4F41E98C39200A8F539 /* Project object */;
}
